Microsoft Visual Studio Solution File, Format Version 11.00
# Visual Studio 2008

Project("{EA208F4A-5394-D81F-31FA-8F1CAEB30D39}") = "FarseerUnity", "Assembly-CSharp-firstpass-vs.csproj", "{F98FF486-F602-04B5-BE01-3695A65F8C70}"
EndProject
Project("{EA208F4A-5394-D81F-31FA-8F1CAEB30D39}") = "FarseerUnity", "Assembly-CSharp-Editor-vs.csproj", "{770B9EBC-BC83-BE8D-11CB-F785C7C31146}"
EndProject
Global
	GlobalSection(SolutionConfigurationPlatforms) = preSolution
		Debug|Any CPU = Debug|Any CPU
		Release|Any CPU = Release|Any CPU
	EndGlobalSection
	GlobalSection(ProjectConfigurationPlatforms) = postSolution
		{F98FF486-F602-04B5-BE01-3695A65F8C70}.Debug|Any CPU.ActiveCfg = Debug|Any CPU
		{F98FF486-F602-04B5-BE01-3695A65F8C70}.Debug|Any CPU.Build.0 = Debug|Any CPU
		{F98FF486-F602-04B5-BE01-3695A65F8C70}.Release|Any CPU.ActiveCfg = Release|Any CPU
		{F98FF486-F602-04B5-BE01-3695A65F8C70}.Release|Any CPU.Build.0 = Release|Any CPU
		{770B9EBC-BC83-BE8D-11CB-F785C7C31146}.Debug|Any CPU.ActiveCfg = Debug|Any CPU
		{770B9EBC-BC83-BE8D-11CB-F785C7C31146}.Debug|Any CPU.Build.0 = Debug|Any CPU
		{770B9EBC-BC83-BE8D-11CB-F785C7C31146}.Release|Any CPU.ActiveCfg = Release|Any CPU
		{770B9EBC-BC83-BE8D-11CB-F785C7C31146}.Release|Any CPU.Build.0 = Release|Any CPU
	EndGlobalSection
	GlobalSection(SolutionProperties) = preSolution
		HideSolutionNode = FALSE
	EndGlobalSection
															GlobalSection(MonoDevelopProperties) = preSolution
		StartupItem = Assembly-CSharp.csproj
		Policies = $0
		$0.TextStylePolicy = $1
		$1.inheritsSet = null
		$1.scope = text/x-csharp
		$0.CSharpFormattingPolicy = $2
		$2.inheritsSet = Mono
		$2.inheritsScope = text/x-csharp
		$2.scope = text/x-csharp
		$0.TextStylePolicy = $3
		$3.FileWidth = 120
		$3.TabWidth = 4
		$3.EolMarker = Unix
		$3.inheritsSet = Mono
		$3.inheritsScope = text/plain
		$3.scope = text/plain
	EndGlobalSection

EndGlobal
